
Microsoft Visual Studio Solution File, Format Version 12.00
# Visual Studio Version 17
VisualStudioVersion = 17.10.35122.118
MinimumVisualStudioVersion = 10.0.40219.1
Project("{9A19103F-16F7-4668-BE54-9A1E7A4F7556}") = "Wpf.Translation", "Wpf.Translation\Wpf.Translation.csproj", "{0FAEB222-6F30-4BC8-A463-339E89A53B48}"
EndProject
Project("{9A19103F-16F7-4668-BE54-9A1E7A4F7556}") = "BindingGrid", "Examples\BindingGrid\BindingGrid.csproj", "{A73916AB-0ED4-45B1-81C5-6AC312ABD2B3}"
EndProject
Global
	GlobalSection(SolutionConfigurationPlatforms) = preSolution
		Debug|Any CPU = Debug|Any CPU
		Release|Any CPU = Release|Any CPU
	EndGlobalSection
	GlobalSection(ProjectConfigurationPlatforms) = postSolution
		{0FAEB222-6F30-4BC8-A463-339E89A53B48}.Debug|Any CPU.ActiveCfg = Debug|Any CPU
		{0FAEB222-6F30-4BC8-A463-339E89A53B48}.Debug|Any CPU.Build.0 = Debug|Any CPU
		{0FAEB222-6F30-4BC8-A463-339E89A53B48}.Release|Any CPU.ActiveCfg = Release|Any CPU
		{0FAEB222-6F30-4BC8-A463-339E89A53B48}.Release|Any CPU.Build.0 = Release|Any CPU
		{A73916AB-0ED4-45B1-81C5-6AC312ABD2B3}.Debug|Any CPU.ActiveCfg = Debug|Any CPU
		{A73916AB-0ED4-45B1-81C5-6AC312ABD2B3}.Debug|Any CPU.Build.0 = Debug|Any CPU
		{A73916AB-0ED4-45B1-81C5-6AC312ABD2B3}.Release|Any CPU.ActiveCfg = Release|Any CPU
		{A73916AB-0ED4-45B1-81C5-6AC312ABD2B3}.Release|Any CPU.Build.0 = Release|Any CPU
	EndGlobalSection
	GlobalSection(SolutionProperties) = preSolution
		HideSolutionNode = FALSE
	EndGlobalSection
	GlobalSection(ExtensibilityGlobals) = postSolution
		SolutionGuid = {E21E3BA2-31BD-4CFC-9F1B-463C53C29BE1}
	EndGlobalSection
EndGlobal
